
Microsoft Visual Studio Solution File, Format Version 12.00
# Visual Studio Version 17
VisualStudioVersion = 17.9.34701.34
MinimumVisualStudioVersion = 10.0.40219.1
Project("{FAE04EC0-301F-11D3-BF4B-00C04F79EFBC}") = "MemoryAccessPattern", "MemoryAccessPattern.csproj", "{928B01E7-AC71-4E73-96E8-9E7A89E2513D}"
EndProject
Global
	GlobalSection(SolutionConfigurationPlatforms) = preSolution
		Debug|Any CPU = Debug|Any CPU
		Release|Any CPU = Release|Any CPU
	EndGlobalSection
	GlobalSection(ProjectConfigurationPlatforms) = postSolution
		{928B01E7-AC71-4E73-96E8-9E7A89E2513D}.Debug|Any CPU.ActiveCfg = Debug|Any CPU
		{928B01E7-AC71-4E73-96E8-9E7A89E2513D}.Debug|Any CPU.Build.0 = Debug|Any CPU
		{928B01E7-AC71-4E73-96E8-9E7A89E2513D}.Release|Any CPU.ActiveCfg = Release|Any CPU
		{928B01E7-AC71-4E73-96E8-9E7A89E2513D}.Release|Any CPU.Build.0 = Release|Any CPU
	EndGlobalSection
	GlobalSection(SolutionProperties) = preSolution
		HideSolutionNode = FALSE
	EndGlobalSection
	GlobalSection(ExtensibilityGlobals) = postSolution
		SolutionGuid = {BC7752EE-9843-491F-BDB8-D5E2409E4388}
	EndGlobalSection
EndGlobal
